{
  "object": {
    "pins": [
      {
        "package": "Deque",
        "repositoryURL": "https://github.com/attaswift/Deque",
        "state": {
          "branch": "master",
          "revision": "0ad91ef4c8cb7e86f5bd3e8518a61080515120dc",
          "version": null
        }
      }
    ]
  },
  "version": 1
}
